<?xml version="1.0" encoding="utf-8"?>
<Project ToolsVersion="4.0" xmlns="http://schemas.microsoft.com/developer/msbuild/2003">
  <ItemGroup>
    <Filter Include="Source Files">
      <UniqueIdentifier>{4FC737F1-C7A5-4376-A066-2A32D752A2FF}</UniqueIdentifier>
      <Extensions>cpp;c;cc;cxx;def;odl;idl;hpj;bat;asm;asmx</Extensions>
    </Filter>
    <Filter Include="Header Files">
      <UniqueIdentifier>{93995380-89BD-4b04-88EB-625FBE52EBFB}</UniqueIdentifier>
      <Extensions>h;hh;hpp;hxx;hm;inl;inc;xsd</Extensions>
    </Filter>
    <Filter Include="Resource Files">
      <UniqueIdentifier>{67DA6AB6-F800-4c08-8B7A-83BB121AAD01}</UniqueIdentifier>
      <Extensions>rc;ico;cur;bmp;dlg;rc2;rct;bin;rgs;gif;jpg;jpeg;jpe;resx;tiff;tif;png;wav</Extensions>
    </Filter>
  </ItemGroup>
  <ItemGroup>
    <ClCompile Include="common.cpp">
      <Filter>Source Files</Filter>
    </ClCompile>
    <ClCompile Include="CPU.cpp">
      <Filter>Source Files</Filter>
    </ClCompile>
    <ClCompile Include="session5_bvh.cc">
      <Filter>Source Files</Filter>
    </ClCompile>
    <ClCompile Include="stb_image.cpp">
      <Filter>Source Files</Filter>
    </ClCompile>
    <ClCompile Include="bvh.cpp">
      <Filter>Source Files</Filter>
    </ClCompile>
    <ClCompile Include="hittable_list.cpp">
      <Filter>Source Files</Filter>
    </ClCompile>
    <ClCompile Include="scene\scene.cpp">
      <Filter>Source Files</Filter>
    </ClCompile>
  </ItemGroup>
  <ItemGroup>
    <ClInclude Include="camera.h">
      <Filter>Header Files</Filter>
    </ClInclude>
    <ClInclude Include="color.h">
      <Filter>Header Files</Filter>
    </ClInclude>
    <ClInclude Include="common.h">
      <Filter>Header Files</Filter>
    </ClInclude>
    <ClInclude Include="CPU.h">
      <Filter>Header Files</Filter>
    </ClInclude>
    <ClInclude Include="Device.h">
      <Filter>Header Files</Filter>
    </ClInclude>
    <ClInclude Include="gl_camera.h">
      <Filter>Header Files</Filter>
    </ClInclude>
    <ClInclude Include="raytracing.h">
      <Filter>Header Files</Filter>
    </ClInclude>
    <ClInclude Include="ray_expleam.h">
      <Filter>Header Files</Filter>
    </ClInclude>
    <ClInclude Include="rtweekend.h">
      <Filter>Header Files</Filter>
    </ClInclude>
    <ClInclude Include="rtw_stb_image.h">
      <Filter>Header Files</Filter>
    </ClInclude>
    <ClInclude Include="shader.h">
      <Filter>Header Files</Filter>
    </ClInclude>
    <ClInclude Include="toojpeg.h">
      <Filter>Header Files</Filter>
    </ClInclude>
    <ClInclude Include="3rd\stb_image.h">
      <Filter>Header Files</Filter>
    </ClInclude>
    <ClInclude Include="build\resource.h">
      <Filter>Header Files</Filter>
    </ClInclude>
    <ClInclude Include="build\toojpeg.h">
      <Filter>Header Files</Filter>
    </ClInclude>
    <ClInclude Include="hit\aabb.h">
      <Filter>Header Files</Filter>
    </ClInclude>
    <ClInclude Include="hit\aarect.h">
      <Filter>Header Files</Filter>
    </ClInclude>
    <ClInclude Include="hit\box.h">
      <Filter>Header Files</Filter>
    </ClInclude>
    <ClInclude Include="hit\bvh.h">
      <Filter>Header Files</Filter>
    </ClInclude>
    <ClInclude Include="hit\hittable.h">
      <Filter>Header Files</Filter>
    </ClInclude>
    <ClInclude Include="hit\hittable_list.h">
      <Filter>Header Files</Filter>
    </ClInclude>
    <ClInclude Include="hit\moving_sphere.h">
      <Filter>Header Files</Filter>
    </ClInclude>
    <ClInclude Include="hit\perlin.h">
      <Filter>Header Files</Filter>
    </ClInclude>
    <ClInclude Include="hit\sphere.h">
      <Filter>Header Files</Filter>
    </ClInclude>
    <ClInclude Include="hit\texture.h">
      <Filter>Header Files</Filter>
    </ClInclude>
    <ClInclude Include="material\material.h">
      <Filter>Header Files</Filter>
    </ClInclude>
    <ClInclude Include="scene\scene.h">
      <Filter>Header Files</Filter>
    </ClInclude>
    <ClInclude Include="util\jobSystem.h">
      <Filter>Header Files</Filter>
    </ClInclude>
    <ClInclude Include="util\timer.h">
      <Filter>Header Files</Filter>
    </ClInclude>
    <ClInclude Include="vec3\ray.h">
      <Filter>Header Files</Filter>
    </ClInclude>
    <ClInclude Include="vec3\vec3.h">
      <Filter>Header Files</Filter>
    </ClInclude>
  </ItemGroup>
  <ItemGroup>
    <ResourceCompile Include="build\main.rc">
      <Filter>Resource Files</Filter>
    </ResourceCompile>
  </ItemGroup>
  <ItemGroup>
    <None Include="build\cmakefiles\3.23.0-rc1\CMakeDetermineCompilerABI_C.bin">
      <Filter>Resource Files</Filter>
    </None>
    <None Include="build\cmakefiles\3.23.0-rc1\CMakeDetermineCompilerABI_CXX.bin">
      <Filter>Resource Files</Filter>
    </None>
    <None Include="ClassDiagram.cd" />
  </ItemGroup>
</Project>